// !$*UTF8*$!
{
	archiveVersion = 1;
	classes = {
	};
	objectVersion = 77;
	objects = {

/* Begin PBXFileReference section */
		000000000000000000000808 /* SandstormDemo.app */ = {isa = PBXFileReference; explicitFileType = wrapper.application; includeInIndex = 0; path = SandstormDemo.app; sourceTree = BUILT_PRODUCTS_DIR; };
		000000000000000000000909 /* SandstormAgent.xctest */ = {isa = PBXFileReference; explicitFileType = wrapper.cfbundle; includeInIndex = 0; path = SandstormAgent.xctest; sourceTree = BUILT_PRODUCTS_DIR; };
/* End PBXFileReference section */

/* Begin PBXFileSystemSynchronizedRootGroup section */
		000000000000000000000404 /* Agent */ = {isa = PBXFileSystemSynchronizedRootGroup; path = Sources/Agent; sourceTree = "<group>"; };
		000000000000000000000505 /* Demo */ = {isa = PBXFileSystemSynchronizedRootGroup; path = Sources/Demo; sourceTree = "<group>"; };
/* End PBXFileSystemSynchronizedRootGroup section */

/* Begin PBXFrameworksBuildPhase section */
		000000000000000000000B0B = {isa = PBXFrameworksBuildPhase; buildActionMask = 2147483647; files = (); runOnlyForDeploymentPostprocessing = 0; };
		000000000000000000000E0E = {isa = PBXFrameworksBuildPhase; buildActionMask = 2147483647; files = (); runOnlyForDeploymentPostprocessing = 0; };
/* End PBXFrameworksBuildPhase section */

/* Begin PBXSourcesBuildPhase section */
		000000000000000000000A0A = {isa = PBXSourcesBuildPhase; buildActionMask = 2147483647; files = (); runOnlyForDeploymentPostprocessing = 0; };
		000000000000000000000D0D = {isa = PBXSourcesBuildPhase; buildActionMask = 2147483647; files = (); runOnlyForDeploymentPostprocessing = 0; };
/* End PBXSourcesBuildPhase section */

/* Begin PBXResourcesBuildPhase section */
		000000000000000000000C0C = {isa = PBXResourcesBuildPhase; buildActionMask = 2147483647; files = (); runOnlyForDeploymentPostprocessing = 0; };
		000000000000000000000F0F = {isa = PBXResourcesBuildPhase; buildActionMask = 2147483647; files = (); runOnlyForDeploymentPostprocessing = 0; };
/* End PBXResourcesBuildPhase section */

/* Begin PBXGroup section */
		000000000000000000000202 = {
			isa = PBXGroup;
			children = (
				000000000000000000000505 /* Demo */,
				000000000000000000000404 /* Agent */,
				000000000000000000000303 /* Products */,
			);
			sourceTree = "<group>";
		};
		000000000000000000000303 /* Products */ = {
			isa = PBXGroup;
			children = (
				000000000000000000000808 /* SandstormDemo.app */,
				000000000000000000000909 /* SandstormAgent.xctest */,
			);
			name = Products;
			sourceTree = "<group>";
		};
/* End PBXGroup section */

/* Begin PBXContainerItemProxy section */
		000000000000000000001A1A = {
			isa = PBXContainerItemProxy;
			containerPortal = 000000000000000000000101;
			proxyType = 1;
			remoteGlobalIDString = 000000000000000000000606;
			remoteInfo = SandstormDemo;
		};
/* End PBXContainerItemProxy section */

/* Begin PBXTargetDependency section */
		000000000000000000001919 = {
			isa = PBXTargetDependency;
			target = 000000000000000000000606;
			targetProxy = 000000000000000000001A1A;
		};
/* End PBXTargetDependency section */

/* Begin PBXNativeTarget section */
		000000000000000000000606 /* SandstormDemo */ = {
			isa = PBXNativeTarget;
			buildConfigurationList = 000000000000000000001111;
			buildPhases = (
				000000000000000000000A0A,
				000000000000000000000B0B,
				000000000000000000000C0C,
			);
			buildRules = ();
			dependencies = ();
			fileSystemSynchronizedGroups = (
				000000000000000000000505 /* Demo */,
			);
			name = SandstormDemo;
			productName = SandstormDemo;
			productReference = 000000000000000000000808;
			productType = "com.apple.product-type.application";
		};
		000000000000000000000707 /* SandstormAgent */ = {
			isa = PBXNativeTarget;
			buildConfigurationList = 000000000000000000001212;
			buildPhases = (
				000000000000000000000D0D,
				000000000000000000000E0E,
				000000000000000000000F0F,
			);
			buildRules = ();
			dependencies = (
				000000000000000000001919,
			);
			fileSystemSynchronizedGroups = (
				000000000000000000000404 /* Agent */,
			);
			name = SandstormAgent;
			productName = SandstormAgent;
			productReference = 000000000000000000000909;
			productType = "com.apple.product-type.bundle.ui-testing";
		};
/* End PBXNativeTarget section */

/* Begin PBXProject section */
		000000000000000000000101 = {
			isa = PBXProject;
			attributes = {
				BuildIndependentTargetsInParallel = 1;
				LastSwiftUpdateCheck = 1600;
				LastUpgradeCheck = 1600;
				TargetAttributes = {
					000000000000000000000606 = {
						CreatedOnToolsVersion = 16.0;
					};
					000000000000000000000707 = {
						CreatedOnToolsVersion = 16.0;
					};
				};
			};
			buildConfigurationList = 000000000000000000001010;
			developmentRegion = en;
			hasScannedForEncodings = 0;
			knownRegions = (
				en,
				Base,
			);
			mainGroup = 000000000000000000000202;
			minimizedProjectReferenceProxies = 1;
			preferredProjectObjectVersion = 77;
			productRefGroup = 000000000000000000000303 /* Products */;
			projectDirPath = "";
			projectRoot = "";
			targets = (
				000000000000000000000606 /* SandstormDemo */,
				000000000000000000000707 /* SandstormAgent */,
			);
		};
/* End PBXProject section */

/* Begin XCBuildConfiguration section */
		000000000000000000001313 /* Debug */ = {
			isa = XCBuildConfiguration;
			buildSettings = {
				DEBUG_INFORMATION_FORMAT = dwarf;
				ENABLE_TESTABILITY = YES;
				GCC_OPTIMIZATION_LEVEL = 0;
				ONLY_ACTIVE_ARCH = YES;
				SWIFT_ACTIVE_COMPILATION_CONDITIONS = "DEBUG $(inherited)";
				SWIFT_OPTIMIZATION_LEVEL = "-Onone";
				CLANG_ENABLE_MODULES = YES;
				CLANG_ENABLE_OBJC_ARC = YES;
				ENABLE_STRICT_OBJC_MSGSEND = YES;
				GCC_NO_COMMON_BLOCKS = YES;
				IPHONEOS_DEPLOYMENT_TARGET = 16.0;
				SDKROOT = iphoneos;
				SWIFT_VERSION = 5.0;
				TARGETED_DEVICE_FAMILY = "1,2";
			};
			name = Debug;
		};
		000000000000000000001414 /* Release */ = {
			isa = XCBuildConfiguration;
			buildSettings = {
				DEBUG_INFORMATION_FORMAT = "dwarf-with-dsym";
				SWIFT_COMPILATION_MODE = wholemodule;
				CLANG_ENABLE_MODULES = YES;
				CLANG_ENABLE_OBJC_ARC = YES;
				ENABLE_STRICT_OBJC_MSGSEND = YES;
				GCC_NO_COMMON_BLOCKS = YES;
				IPHONEOS_DEPLOYMENT_TARGET = 16.0;
				SDKROOT = iphoneos;
				SWIFT_VERSION = 5.0;
				TARGETED_DEVICE_FAMILY = "1,2";
			};
			name = Release;
		};
		000000000000000000001515 /* Debug */ = {
			isa = XCBuildConfiguration;
			buildSettings = {
				ASSETCATALOG_COMPILER_APPICON_NAME = AppIcon;
				CODE_SIGN_STYLE = Automatic;
				CURRENT_PROJECT_VERSION = 1;
				GENERATE_INFOPLIST_FILE = YES;
				INFOPLIST_KEY_UIApplicationSceneManifest_Generation = YES;
				INFOPLIST_KEY_UILaunchScreen_Generation = YES;
				INFOPLIST_KEY_UISupportedInterfaceOrientations = "UIInterfaceOrientationPortrait UIInterfaceOrientationLandscapeLeft UIInterfaceOrientationLandscapeRight";
				MARKETING_VERSION = 0.1.0;
				PRODUCT_BUNDLE_IDENTIFIER = com.sandstorm.demo;
				PRODUCT_NAME = "$(TARGET_NAME)";
				SWIFT_EMIT_LOC_STRINGS = YES;
			};
			name = Debug;
		};
		000000000000000000001616 /* Release */ = {
			isa = XCBuildConfiguration;
			buildSettings = {
				ASSETCATALOG_COMPILER_APPICON_NAME = AppIcon;
				CODE_SIGN_STYLE = Automatic;
				CURRENT_PROJECT_VERSION = 1;
				GENERATE_INFOPLIST_FILE = YES;
				INFOPLIST_KEY_UIApplicationSceneManifest_Generation = YES;
				INFOPLIST_KEY_UILaunchScreen_Generation = YES;
				INFOPLIST_KEY_UISupportedInterfaceOrientations = "UIInterfaceOrientationPortrait UIInterfaceOrientationLandscapeLeft UIInterfaceOrientationLandscapeRight";
				MARKETING_VERSION = 0.1.0;
				PRODUCT_BUNDLE_IDENTIFIER = com.sandstorm.demo;
				PRODUCT_NAME = "$(TARGET_NAME)";
				SWIFT_EMIT_LOC_STRINGS = YES;
			};
			name = Release;
		};
		000000000000000000001717 /* Debug */ = {
			isa = XCBuildConfiguration;
			buildSettings = {
				CODE_SIGN_STYLE = Automatic;
				CURRENT_PROJECT_VERSION = 1;
				GENERATE_INFOPLIST_FILE = YES;
				MARKETING_VERSION = 0.1.0;
				PRODUCT_BUNDLE_IDENTIFIER = com.sandstorm.agent;
				PRODUCT_NAME = "$(TARGET_NAME)";
				SWIFT_EMIT_LOC_STRINGS = NO;
			};
			name = Debug;
		};
		000000000000000000001818 /* Release */ = {
			isa = XCBuildConfiguration;
			buildSettings = {
				CODE_SIGN_STYLE = Automatic;
				CURRENT_PROJECT_VERSION = 1;
				GENERATE_INFOPLIST_FILE = YES;
				MARKETING_VERSION = 0.1.0;
				PRODUCT_BUNDLE_IDENTIFIER = com.sandstorm.agent;
				PRODUCT_NAME = "$(TARGET_NAME)";
				SWIFT_EMIT_LOC_STRINGS = NO;
			};
			name = Release;
		};
/* End XCBuildConfiguration section */

/* Begin XCConfigurationList section */
		000000000000000000001010 = {
			isa = XCConfigurationList;
			buildConfigurations = (
				000000000000000000001313 /* Debug */,
				000000000000000000001414 /* Release */,
			);
			defaultConfigurationIsVisible = 0;
			defaultConfigurationName = Release;
		};
		000000000000000000001111 = {
			isa = XCConfigurationList;
			buildConfigurations = (
				000000000000000000001515 /* Debug */,
				000000000000000000001616 /* Release */,
			);
			defaultConfigurationIsVisible = 0;
			defaultConfigurationName = Release;
		};
		000000000000000000001212 = {
			isa = XCConfigurationList;
			buildConfigurations = (
				000000000000000000001717 /* Debug */,
				000000000000000000001818 /* Release */,
			);
			defaultConfigurationIsVisible = 0;
			defaultConfigurationName = Release;
		};
/* End XCConfigurationList section */
	};
	rootObject = 000000000000000000000101;
}
